
Microsoft Visual Studio Solution File, Format Version 11.00
# Visual Studio 2010
Project("{FAE04EC0-301F-11D3-BF4B-00C04F79EFBC}") = "Laikos", "Laikos\Laikos\Laikos.csproj", "{F755E4A4-0EBF-4B3E-B43D-6CCD7D3E7138}"
EndProject
Project("{FAE04EC0-301F-11D3-BF4B-00C04F79EFBC}") = "LaikosContent", "Laikos\LaikosContent\LaikosContent.contentproj", "{976AB03C-50A7-4836-BA42-5AF015AEED37}"
EndProject
Project("{FAE04EC0-301F-11D3-BF4B-00C04F79EFBC}") = "AnimationPipeline", "AnimationProcessor\AnimationPipeline.csproj", "{6401ECED-B836-4A18-B85F-94B4577A1589}"
EndProject
Project("{FAE04EC0-301F-11D3-BF4B-00C04F79EFBC}") = "Animation", "Animation\Animation.csproj", "{87091037-1D53-43A9-BCCA-D869B9B1162D}"
EndProject
Project("{FAE04EC0-301F-11D3-BF4B-00C04F79EFBC}") = "MyDataTypes", "MyDataTypes\MyDataTypes.csproj", "{8231A90D-00A8-413C-A06E-EE99B0545D5A}"
EndProject
Project("{FAE04EC0-301F-11D3-BF4B-00C04F79EFBC}") = "GifAnimation", "GifAnimation\GifAnimation.csproj", "{76B7215D-8172-4FF9-A1A9-4989B0D4C15B}"
EndProject
Project("{FAE04EC0-301F-11D3-BF4B-00C04F79EFBC}") = "GifAnimation.Pipeline", "GifAnimation.Pipeline\GifAnimation.Pipeline.csproj", "{9C683759-D9CF-423E-87B1-153097BE2820}"
EndProject
Global
	GlobalSection(SolutionConfigurationPlatforms) = preSolution
		Debug|Any CPU = Debug|Any CPU
		Debug|x86 = Debug|x86
		Debug|Xbox 360 = Debug|Xbox 360
		Profile|Any CPU = Profile|Any CPU
		Profile|x86 = Profile|x86
		Profile|Xbox 360 = Profile|Xbox 360
		Release|Any CPU = Release|Any CPU
		Release|x86 = Release|x86
		Release|Xbox 360 = Release|Xbox 360
	EndGlobalSection
	GlobalSection(ProjectConfigurationPlatforms) = postSolution
		{F755E4A4-0EBF-4B3E-B43D-6CCD7D3E7138}.Debug|Any CPU.ActiveCfg = Debug|x86
		{F755E4A4-0EBF-4B3E-B43D-6CCD7D3E7138}.Debug|Any CPU.Build.0 = Debug|x86
		{F755E4A4-0EBF-4B3E-B43D-6CCD7D3E7138}.Debug|x86.ActiveCfg = Debug|x86
		{F755E4A4-0EBF-4B3E-B43D-6CCD7D3E7138}.Debug|x86.Build.0 = Debug|x86
		{F755E4A4-0EBF-4B3E-B43D-6CCD7D3E7138}.Debug|Xbox 360.ActiveCfg = Debug|x86
		{F755E4A4-0EBF-4B3E-B43D-6CCD7D3E7138}.Profile|Any CPU.ActiveCfg = Release|x86
		{F755E4A4-0EBF-4B3E-B43D-6CCD7D3E7138}.Profile|x86.ActiveCfg = Release|x86
		{F755E4A4-0EBF-4B3E-B43D-6CCD7D3E7138}.Profile|x86.Build.0 = Release|x86
		{F755E4A4-0EBF-4B3E-B43D-6CCD7D3E7138}.Profile|Xbox 360.ActiveCfg = Release|x86
		{F755E4A4-0EBF-4B3E-B43D-6CCD7D3E7138}.Release|Any CPU.ActiveCfg = Release|x86
		{F755E4A4-0EBF-4B3E-B43D-6CCD7D3E7138}.Release|x86.ActiveCfg = Release|x86
		{F755E4A4-0EBF-4B3E-B43D-6CCD7D3E7138}.Release|x86.Build.0 = Release|x86
		{F755E4A4-0EBF-4B3E-B43D-6CCD7D3E7138}.Release|Xbox 360.ActiveCfg = Release|x86
		{976AB03C-50A7-4836-BA42-5AF015AEED37}.Debug|Any CPU.ActiveCfg = Debug|x86
		{976AB03C-50A7-4836-BA42-5AF015AEED37}.Debug|Any CPU.Build.0 = Debug|x86
		{976AB03C-50A7-4836-BA42-5AF015AEED37}.Debug|x86.ActiveCfg = Debug|x86
		{976AB03C-50A7-4836-BA42-5AF015AEED37}.Debug|Xbox 360.ActiveCfg = Debug|x86
		{976AB03C-50A7-4836-BA42-5AF015AEED37}.Profile|Any CPU.ActiveCfg = Release|x86
		{976AB03C-50A7-4836-BA42-5AF015AEED37}.Profile|x86.ActiveCfg = Release|x86
		{976AB03C-50A7-4836-BA42-5AF015AEED37}.Profile|Xbox 360.ActiveCfg = Release|x86
		{976AB03C-50A7-4836-BA42-5AF015AEED37}.Release|Any CPU.ActiveCfg = Release|x86
		{976AB03C-50A7-4836-BA42-5AF015AEED37}.Release|x86.ActiveCfg = Release|x86
		{976AB03C-50A7-4836-BA42-5AF015AEED37}.Release|Xbox 360.ActiveCfg = Release|x86
		{6401ECED-B836-4A18-B85F-94B4577A1589}.Debug|Any CPU.ActiveCfg = Debug|x86
		{6401ECED-B836-4A18-B85F-94B4577A1589}.Debug|Any CPU.Build.0 = Debug|x86
		{6401ECED-B836-4A18-B85F-94B4577A1589}.Debug|x86.ActiveCfg = Debug|x86
		{6401ECED-B836-4A18-B85F-94B4577A1589}.Debug|x86.Build.0 = Debug|x86
		{6401ECED-B836-4A18-B85F-94B4577A1589}.Debug|Xbox 360.ActiveCfg = Debug|x86
		{6401ECED-B836-4A18-B85F-94B4577A1589}.Profile|Any CPU.ActiveCfg = Release|x86
		{6401ECED-B836-4A18-B85F-94B4577A1589}.Profile|x86.ActiveCfg = Release|x86
		{6401ECED-B836-4A18-B85F-94B4577A1589}.Profile|x86.Build.0 = Release|x86
		{6401ECED-B836-4A18-B85F-94B4577A1589}.Profile|Xbox 360.ActiveCfg = Release|x86
		{6401ECED-B836-4A18-B85F-94B4577A1589}.Release|Any CPU.ActiveCfg = Release|x86
		{6401ECED-B836-4A18-B85F-94B4577A1589}.Release|x86.ActiveCfg = Release|x86
		{6401ECED-B836-4A18-B85F-94B4577A1589}.Release|x86.Build.0 = Release|x86
		{6401ECED-B836-4A18-B85F-94B4577A1589}.Release|Xbox 360.ActiveCfg = Release|x86
		{87091037-1D53-43A9-BCCA-D869B9B1162D}.Debug|Any CPU.ActiveCfg = Debug|x86
		{87091037-1D53-43A9-BCCA-D869B9B1162D}.Debug|Any CPU.Build.0 = Debug|x86
		{87091037-1D53-43A9-BCCA-D869B9B1162D}.Debug|x86.ActiveCfg = Debug|x86
		{87091037-1D53-43A9-BCCA-D869B9B1162D}.Debug|x86.Build.0 = Debug|x86
		{87091037-1D53-43A9-BCCA-D869B9B1162D}.Debug|Xbox 360.ActiveCfg = Debug|x86
		{87091037-1D53-43A9-BCCA-D869B9B1162D}.Profile|Any CPU.ActiveCfg = Release|x86
		{87091037-1D53-43A9-BCCA-D869B9B1162D}.Profile|x86.ActiveCfg = Release|x86
		{87091037-1D53-43A9-BCCA-D869B9B1162D}.Profile|x86.Build.0 = Release|x86
		{87091037-1D53-43A9-BCCA-D869B9B1162D}.Profile|Xbox 360.ActiveCfg = Release|x86
		{87091037-1D53-43A9-BCCA-D869B9B1162D}.Release|Any CPU.ActiveCfg = Release|x86
		{87091037-1D53-43A9-BCCA-D869B9B1162D}.Release|x86.ActiveCfg = Release|x86
		{87091037-1D53-43A9-BCCA-D869B9B1162D}.Release|x86.Build.0 = Release|x86
		{87091037-1D53-43A9-BCCA-D869B9B1162D}.Release|Xbox 360.ActiveCfg = Release|x86
		{8231A90D-00A8-413C-A06E-EE99B0545D5A}.Debug|Any CPU.ActiveCfg = Debug|x86
		{8231A90D-00A8-413C-A06E-EE99B0545D5A}.Debug|Any CPU.Build.0 = Debug|x86
		{8231A90D-00A8-413C-A06E-EE99B0545D5A}.Debug|x86.ActiveCfg = Debug|x86
		{8231A90D-00A8-413C-A06E-EE99B0545D5A}.Debug|x86.Build.0 = Debug|x86
		{8231A90D-00A8-413C-A06E-EE99B0545D5A}.Debug|Xbox 360.ActiveCfg = Debug|x86
		{8231A90D-00A8-413C-A06E-EE99B0545D5A}.Profile|Any CPU.ActiveCfg = Release|x86
		{8231A90D-00A8-413C-A06E-EE99B0545D5A}.Profile|x86.ActiveCfg = Release|x86
		{8231A90D-00A8-413C-A06E-EE99B0545D5A}.Profile|x86.Build.0 = Release|x86
		{8231A90D-00A8-413C-A06E-EE99B0545D5A}.Profile|Xbox 360.ActiveCfg = Release|x86
		{8231A90D-00A8-413C-A06E-EE99B0545D5A}.Release|Any CPU.ActiveCfg = Release|x86
		{8231A90D-00A8-413C-A06E-EE99B0545D5A}.Release|x86.ActiveCfg = Release|x86
		{8231A90D-00A8-413C-A06E-EE99B0545D5A}.Release|x86.Build.0 = Release|x86
		{8231A90D-00A8-413C-A06E-EE99B0545D5A}.Release|Xbox 360.ActiveCfg = Release|x86
		{76B7215D-8172-4FF9-A1A9-4989B0D4C15B}.Debug|Any CPU.ActiveCfg = Debug|x86
		{76B7215D-8172-4FF9-A1A9-4989B0D4C15B}.Debug|Any CPU.Build.0 = Debug|x86
		{76B7215D-8172-4FF9-A1A9-4989B0D4C15B}.Debug|x86.ActiveCfg = Debug|x86
		{76B7215D-8172-4FF9-A1A9-4989B0D4C15B}.Debug|x86.Build.0 = Debug|x86
		{76B7215D-8172-4FF9-A1A9-4989B0D4C15B}.Debug|Xbox 360.ActiveCfg = Debug|x86
		{76B7215D-8172-4FF9-A1A9-4989B0D4C15B}.Profile|Any CPU.ActiveCfg = Release|x86
		{76B7215D-8172-4FF9-A1A9-4989B0D4C15B}.Profile|x86.ActiveCfg = Release|x86
		{76B7215D-8172-4FF9-A1A9-4989B0D4C15B}.Profile|x86.Build.0 = Release|x86
		{76B7215D-8172-4FF9-A1A9-4989B0D4C15B}.Profile|Xbox 360.ActiveCfg = Release|x86
		{76B7215D-8172-4FF9-A1A9-4989B0D4C15B}.Release|Any CPU.ActiveCfg = Release|x86
		{76B7215D-8172-4FF9-A1A9-4989B0D4C15B}.Release|x86.ActiveCfg = Release|x86
		{76B7215D-8172-4FF9-A1A9-4989B0D4C15B}.Release|x86.Build.0 = Release|x86
		{76B7215D-8172-4FF9-A1A9-4989B0D4C15B}.Release|Xbox 360.ActiveCfg = Release|x86
		{9C683759-D9CF-423E-87B1-153097BE2820}.Debug|Any CPU.ActiveCfg = Debug|x86
		{9C683759-D9CF-423E-87B1-153097BE2820}.Debug|Any CPU.Build.0 = Debug|x86
		{9C683759-D9CF-423E-87B1-153097BE2820}.Debug|x86.ActiveCfg = Debug|x86
		{9C683759-D9CF-423E-87B1-153097BE2820}.Debug|x86.Build.0 = Debug|x86
		{9C683759-D9CF-423E-87B1-153097BE2820}.Debug|Xbox 360.ActiveCfg = Debug|x86
		{9C683759-D9CF-423E-87B1-153097BE2820}.Debug|Xbox 360.Build.0 = Debug|x86
		{9C683759-D9CF-423E-87B1-153097BE2820}.Profile|Any CPU.ActiveCfg = Debug|x86
		{9C683759-D9CF-423E-87B1-153097BE2820}.Profile|Any CPU.Build.0 = Debug|x86
		{9C683759-D9CF-423E-87B1-153097BE2820}.Profile|x86.ActiveCfg = Debug|x86
		{9C683759-D9CF-423E-87B1-153097BE2820}.Profile|x86.Build.0 = Debug|x86
		{9C683759-D9CF-423E-87B1-153097BE2820}.Profile|Xbox 360.ActiveCfg = Debug|x86
		{9C683759-D9CF-423E-87B1-153097BE2820}.Profile|Xbox 360.Build.0 = Debug|x86
		{9C683759-D9CF-423E-87B1-153097BE2820}.Release|Any CPU.ActiveCfg = Debug|x86
		{9C683759-D9CF-423E-87B1-153097BE2820}.Release|Any CPU.Build.0 = Debug|x86
		{9C683759-D9CF-423E-87B1-153097BE2820}.Release|x86.ActiveCfg = Debug|x86
		{9C683759-D9CF-423E-87B1-153097BE2820}.Release|x86.Build.0 = Debug|x86
		{9C683759-D9CF-423E-87B1-153097BE2820}.Release|Xbox 360.ActiveCfg = Debug|x86
		{9C683759-D9CF-423E-87B1-153097BE2820}.Release|Xbox 360.Build.0 = Debug|x86
	EndGlobalSection
	GlobalSection(SolutionProperties) = preSolution
		HideSolutionNode = FALSE
	EndGlobalSection
EndGlobal
